
Microsoft Visual Studio Solution File, Format Version 12.00
# Visual Studio Version 17
VisualStudioVersion = 17.0.32126.317
MinimumVisualStudioVersion = 10.0.40219.1
Project("{9A19103F-16F7-4668-BE54-9A1E7A4F7556}") = "Glav Test PArser musick List", "Glav Test PArser musick List\Glav Test PArser musick List.csproj", "{25EAE108-6DF0-4F5A-9A91-E4614FE4CDBB}"
EndProject
Project("{9A19103F-16F7-4668-BE54-9A1E7A4F7556}") = "PArse Musik list Liba Net Standar 2.0", "..\PArse Musik list Liba Net Standar 2.0\PArse Musik list Liba Net Standar 2.0\PArse Musik list Liba Net Standar 2.0.csproj", "{B868547C-380E-4061-9326-8B8B3464C547}"
EndProject
Global
	GlobalSection(SolutionConfigurationPlatforms) = preSolution
		Debug|Any CPU = Debug|Any CPU
		Release|Any CPU = Release|Any CPU
	EndGlobalSection
	GlobalSection(ProjectConfigurationPlatforms) = postSolution
		{25EAE108-6DF0-4F5A-9A91-E4614FE4CDBB}.Debug|Any CPU.ActiveCfg = Debug|Any CPU
		{25EAE108-6DF0-4F5A-9A91-E4614FE4CDBB}.Debug|Any CPU.Build.0 = Debug|Any CPU
		{25EAE108-6DF0-4F5A-9A91-E4614FE4CDBB}.Release|Any CPU.ActiveCfg = Release|Any CPU
		{25EAE108-6DF0-4F5A-9A91-E4614FE4CDBB}.Release|Any CPU.Build.0 = Release|Any CPU
		{B868547C-380E-4061-9326-8B8B3464C547}.Debug|Any CPU.ActiveCfg = Debug|Any CPU
		{B868547C-380E-4061-9326-8B8B3464C547}.Debug|Any CPU.Build.0 = Debug|Any CPU
		{B868547C-380E-4061-9326-8B8B3464C547}.Release|Any CPU.ActiveCfg = Release|Any CPU
		{B868547C-380E-4061-9326-8B8B3464C547}.Release|Any CPU.Build.0 = Release|Any CPU
	EndGlobalSection
	GlobalSection(SolutionProperties) = preSolution
		HideSolutionNode = FALSE
	EndGlobalSection
	GlobalSection(ExtensibilityGlobals) = postSolution
		SolutionGuid = {AEB140D0-8D1C-4B40-8963-B3D5474A28B5}
	EndGlobalSection
EndGlobal
